
Microsoft Visual Studio Solution File, Format Version 12.00
# Visual Studio Version 17
VisualStudioVersion = 17.9.34701.34
MinimumVisualStudioVersion = 10.0.40219.1
Project("{FAE04EC0-301F-11D3-BF4B-00C04F79EFBC}") = "GenericDemo", "GenericDemo\GenericDemo.csproj", "{5E54A044-0502-401D-B35F-F62B6C2E7136}"
EndProject
Global
	GlobalSection(SolutionConfigurationPlatforms) = preSolution
		Debug|Any CPU = Debug|Any CPU
		Release|Any CPU = Release|Any CPU
	EndGlobalSection
	GlobalSection(ProjectConfigurationPlatforms) = postSolution
		{5E54A044-0502-401D-B35F-F62B6C2E7136}.Debug|Any CPU.ActiveCfg = Debug|Any CPU
		{5E54A044-0502-401D-B35F-F62B6C2E7136}.Debug|Any CPU.Build.0 = Debug|Any CPU
		{5E54A044-0502-401D-B35F-F62B6C2E7136}.Release|Any CPU.ActiveCfg = Release|Any CPU
		{5E54A044-0502-401D-B35F-F62B6C2E7136}.Release|Any CPU.Build.0 = Release|Any CPU
	EndGlobalSection
	GlobalSection(SolutionProperties) = preSolution
		HideSolutionNode = FALSE
	EndGlobalSection
	GlobalSection(ExtensibilityGlobals) = postSolution
		SolutionGuid = {1D216DAE-352B-47A8-9FC4-4F415153C115}
	EndGlobalSection
EndGlobal
